
Microsoft Visual Studio Solution File, Format Version 12.00
# Visual Studio Version 16
VisualStudioVersion = 16.0.30002.166
MinimumVisualStudioVersion = 10.0.40219.1
Project("{F184B08F-C81C-45F6-A57F-5ABD9991F28F}") = "Mantenedor", "Mantenedor\Mantenedor.vbproj", "{964D6580-17BD-43CC-B5F0-FF3627CF010B}"
EndProject
Global
	GlobalSection(SolutionConfigurationPlatforms) = preSolution
		Debug|Any CPU = Debug|Any CPU
		Release|Any CPU = Release|Any CPU
	EndGlobalSection
	GlobalSection(ProjectConfigurationPlatforms) = postSolution
		{964D6580-17BD-43CC-B5F0-FF3627CF010B}.Debug|Any CPU.ActiveCfg = Debug|Any CPU
		{964D6580-17BD-43CC-B5F0-FF3627CF010B}.Debug|Any CPU.Build.0 = Debug|Any CPU
		{964D6580-17BD-43CC-B5F0-FF3627CF010B}.Release|Any CPU.ActiveCfg = Release|Any CPU
		{964D6580-17BD-43CC-B5F0-FF3627CF010B}.Release|Any CPU.Build.0 = Release|Any CPU
	EndGlobalSection
	GlobalSection(SolutionProperties) = preSolution
		HideSolutionNode = FALSE
	EndGlobalSection
	GlobalSection(ExtensibilityGlobals) = postSolution
		SolutionGuid = {8197CDE3-2029-4B6E-A52C-2EE3459024E1}
	EndGlobalSection
EndGlobal
